
Microsoft Visual Studio Solution File, Format Version 12.00
# Visual Studio Version 16
VisualStudioVersion = 16.0.32413.511
MinimumVisualStudioVersion = 10.0.40219.1
Project("{2150E333-8FDC-42A3-9474-1A3956D46DE8}") = "Services", "Services", "{6383AD75-0F84-4255-B900-483F4F52D798}"
	ProjectSection(SolutionItems) = preProject
		Redis_Setting.txt = Redis_Setting.txt
	EndProjectSection
EndProject
Project("{2150E333-8FDC-42A3-9474-1A3956D46DE8}") = "Catalog", "Catalog", "{4399176E-C6FA-43D9-B67F-73E6787A54B7}"
EndProject
Project("{9A19103F-16F7-4668-BE54-9A1E7A4F7556}") = "Catalog.APl", "Services\Catalog\Catalog.APl\Catalog.APl.csproj", "{D8E99CDD-5125-49F1-BDBE-706C9B55BB95}"
EndProject
Project("{E53339B2-1760-4266-BCC7-CA923CBCF16C}") = "docker-compose", "docker-compose.dcproj", "{24F677F2-CDB4-4D4D-9669-1F96268340DA}"
EndProject
Project("{2150E333-8FDC-42A3-9474-1A3956D46DE8}") = "Basket", "Basket", "{AF2E31EC-5B82-4B88-8DC1-F5DF61879040}"
EndProject
Project("{9A19103F-16F7-4668-BE54-9A1E7A4F7556}") = "Basket.API", "..\..\src\Services\CatalogServices\src\Services\Basket\Basket.API\Basket.API.csproj", "{898181B9-908C-4193-897C-9034464B79A1}"
EndProject
Global
	GlobalSection(SolutionConfigurationPlatforms) = preSolution
		Debug|Any CPU = Debug|Any CPU
		Release|Any CPU = Release|Any CPU
	EndGlobalSection
	GlobalSection(ProjectConfigurationPlatforms) = postSolution
		{D8E99CDD-5125-49F1-BDBE-706C9B55BB95}.Debug|Any CPU.ActiveCfg = Debug|Any CPU
		{D8E99CDD-5125-49F1-BDBE-706C9B55BB95}.Debug|Any CPU.Build.0 = Debug|Any CPU
		{D8E99CDD-5125-49F1-BDBE-706C9B55BB95}.Release|Any CPU.ActiveCfg = Release|Any CPU
		{D8E99CDD-5125-49F1-BDBE-706C9B55BB95}.Release|Any CPU.Build.0 = Release|Any CPU
		{24F677F2-CDB4-4D4D-9669-1F96268340DA}.Debug|Any CPU.ActiveCfg = Debug|Any CPU
		{24F677F2-CDB4-4D4D-9669-1F96268340DA}.Debug|Any CPU.Build.0 = Debug|Any CPU
		{24F677F2-CDB4-4D4D-9669-1F96268340DA}.Release|Any CPU.ActiveCfg = Release|Any CPU
		{24F677F2-CDB4-4D4D-9669-1F96268340DA}.Release|Any CPU.Build.0 = Release|Any CPU
		{898181B9-908C-4193-897C-9034464B79A1}.Debug|Any CPU.ActiveCfg = Debug|Any CPU
		{898181B9-908C-4193-897C-9034464B79A1}.Debug|Any CPU.Build.0 = Debug|Any CPU
		{898181B9-908C-4193-897C-9034464B79A1}.Release|Any CPU.ActiveCfg = Release|Any CPU
		{898181B9-908C-4193-897C-9034464B79A1}.Release|Any CPU.Build.0 = Release|Any CPU
	EndGlobalSection
	GlobalSection(SolutionProperties) = preSolution
		HideSolutionNode = FALSE
	EndGlobalSection
	GlobalSection(NestedProjects) = preSolution
		{4399176E-C6FA-43D9-B67F-73E6787A54B7} = {6383AD75-0F84-4255-B900-483F4F52D798}
		{D8E99CDD-5125-49F1-BDBE-706C9B55BB95} = {4399176E-C6FA-43D9-B67F-73E6787A54B7}
		{AF2E31EC-5B82-4B88-8DC1-F5DF61879040} = {6383AD75-0F84-4255-B900-483F4F52D798}
		{898181B9-908C-4193-897C-9034464B79A1} = {AF2E31EC-5B82-4B88-8DC1-F5DF61879040}
	EndGlobalSection
	GlobalSection(ExtensibilityGlobals) = postSolution
		SolutionGuid = {D098B7BF-52EB-4BF2-8851-0BE12B540570}
	EndGlobalSection
EndGlobal
